
Microsoft Visual Studio Solution File, Format Version 12.00
# Visual Studio Version 17
VisualStudioVersion = 17.10.35013.160
MinimumVisualStudioVersion = 10.0.40219.1
Project("{FAE04EC0-301F-11D3-BF4B-00C04F79EFBC}") = "Employee_Management_System", "Employee_Management_System.csproj", "{DCB0B8FF-45F9-4097-A6F3-733C0112ECFC}"
EndProject
Global
	GlobalSection(SolutionConfigurationPlatforms) = preSolution
		Debug|Any CPU = Debug|Any CPU
		Release|Any CPU = Release|Any CPU
	EndGlobalSection
	GlobalSection(ProjectConfigurationPlatforms) = postSolution
		{DCB0B8FF-45F9-4097-A6F3-733C0112ECFC}.Debug|Any CPU.ActiveCfg = Debug|Any CPU
		{DCB0B8FF-45F9-4097-A6F3-733C0112ECFC}.Debug|Any CPU.Build.0 = Debug|Any CPU
		{DCB0B8FF-45F9-4097-A6F3-733C0112ECFC}.Release|Any CPU.ActiveCfg = Release|Any CPU
		{DCB0B8FF-45F9-4097-A6F3-733C0112ECFC}.Release|Any CPU.Build.0 = Release|Any CPU
	EndGlobalSection
	GlobalSection(SolutionProperties) = preSolution
		HideSolutionNode = FALSE
	EndGlobalSection
	GlobalSection(ExtensibilityGlobals) = postSolution
		SolutionGuid = {96427E1E-A568-401A-BB83-53DD6D930B06}
	EndGlobalSection
EndGlobal
